// !$*UTF8*$!
{
	archiveVersion = 1;
	classes = {
	};
	objectVersion = 50;
	objects = {

/* Begin PBXBuildFile section */
		02055A0822C13A6D009B9346 /* AppDelegate.swift in Sources */ = {isa = PBXBuildFile; fileRef = 02055A0722C13A6D009B9346 /* AppDelegate.swift */; };
		02055A0A22C13A6D009B9346 /* ViewController.swift in Sources */ = {isa = PBXBuildFile; fileRef = 02055A0922C13A6D009B9346 /* ViewController.swift */; };
		02055A0D22C13A6D009B9346 /* Main.storyboard in Resources */ = {isa = PBXBuildFile; fileRef = 02055A0B22C13A6D009B9346 /* Main.storyboard */; };
		02055A0F22C13A70009B9346 /* Assets.xcassets in Resources */ = {isa = PBXBuildFile; fileRef = 02055A0E22C13A70009B9346 /* Assets.xcassets */; };
		02055A1222C13A70009B9346 /* LaunchScreen.storyboard in Resources */ = {isa = PBXBuildFile; fileRef = 02055A1022C13A70009B9346 /* LaunchScreen.storyboard */; };
		02055A1D22C13A70009B9346 /* weatherTests.swift in Sources */ = {isa = PBXBuildFile; fileRef = 02055A1C22C13A70009B9346 /* weatherTests.swift */; };
		02055A2822C13A70009B9346 /* weatherUITests.swift in Sources */ = {isa = PBXBuildFile; fileRef = 02055A2722C13A70009B9346 /* weatherUITests.swift */; };
		02B5488922C13C3300CCE8C6 /* startImage.jpg in Resources */ = {isa = PBXBuildFile; fileRef = 02B5488822C13C3300CCE8C6 /* startImage.jpg */; };
		02B5488B22C1410100CCE8C6 /* WeatherViewController.swift in Sources */ = {isa = PBXBuildFile; fileRef = 02B5488A22C1410100CCE8C6 /* WeatherViewController.swift */; };
		02B5488D22C14D2B00CCE8C6 /* WeatherManager.swift in Sources */ = {isa = PBXBuildFile; fileRef = 02B5488C22C14D2B00CCE8C6 /* WeatherManager.swift */; };
		02B5488F22C1603100CCE8C6 /* Observer.swift in Sources */ = {isa = PBXBuildFile; fileRef = 02B5488E22C1603100CCE8C6 /* Observer.swift */; };
/* End PBXBuildFile section */

/* Begin PBXContainerItemProxy section */
		02055A1922C13A70009B9346 /* PBXContainerItemProxy */ = {
			isa = PBXContainerItemProxy;
			containerPortal = 020559FC22C13A6D009B9346 /* Project object */;
			proxyType = 1;
			remoteGlobalIDString = 02055A0322C13A6D009B9346;
			remoteInfo = weather;
		};
		02055A2422C13A70009B9346 /* PBXContainerItemProxy */ = {
			isa = PBXContainerItemProxy;
			containerPortal = 020559FC22C13A6D009B9346 /* Project object */;
			proxyType = 1;
			remoteGlobalIDString = 02055A0322C13A6D009B9346;
			remoteInfo = weather;
		};
/* End PBXContainerItemProxy section */

/* Begin PBXFileReference section */
		02055A0422C13A6D009B9346 /* weather.app */ = {isa = PBXFileReference; explicitFileType = wrapper.application; includeInIndex = 0; path = weather.app; sourceTree = BUILT_PRODUCTS_DIR; };
		02055A0722C13A6D009B9346 /* AppDelegate.swift */ = {isa = PBXFileReference; lastKnownFileType = sourcecode.swift; path = AppDelegate.swift; sourceTree = "<group>"; };
		02055A0922C13A6D009B9346 /* ViewController.swift */ = {isa = PBXFileReference; lastKnownFileType = sourcecode.swift; path = ViewController.swift; sourceTree = "<group>"; };
		02055A0C22C13A6D009B9346 /* Base */ = {isa = PBXFileReference; lastKnownFileType = file.storyboard; name = Base; path = Base.lproj/Main.storyboard; sourceTree = "<group>"; };
		02055A0E22C13A70009B9346 /* Assets.xcassets */ = {isa = PBXFileReference; lastKnownFileType = folder.assetcatalog; path = Assets.xcassets; sourceTree = "<group>"; };
		02055A1122C13A70009B9346 /* Base */ = {isa = PBXFileReference; lastKnownFileType = file.storyboard; name = Base; path = Base.lproj/LaunchScreen.storyboard; sourceTree = "<group>"; };
		02055A1322C13A70009B9346 /* Info.plist */ = {isa = PBXFileReference; lastKnownFileType = text.plist.xml; path = Info.plist; sourceTree = "<group>"; };
		02055A1822C13A70009B9346 /* weatherTests.xctest */ = {isa = PBXFileReference; explicitFileType = wrapper.cfbundle; includeInIndex = 0; path = weatherTests.xctest; sourceTree = BUILT_PRODUCTS_DIR; };
		02055A1C22C13A70009B9346 /* weatherTests.swift */ = {isa = PBXFileReference; lastKnownFileType = sourcecode.swift; path = weatherTests.swift; sourceTree = "<group>"; };
		02055A1E22C13A70009B9346 /* Info.plist */ = {isa = PBXFileReference; lastKnownFileType = text.plist.xml; path = Info.plist; sourceTree = "<group>"; };
		02055A2322C13A70009B9346 /* weatherUITests.xctest */ = {isa = PBXFileReference; explicitFileType = wrapper.cfbundle; includeInIndex = 0; path = weatherUITests.xctest; sourceTree = BUILT_PRODUCTS_DIR; };
		02055A2722C13A70009B9346 /* weatherUITests.swift */ = {isa = PBXFileReference; lastKnownFileType = sourcecode.swift; path = weatherUITests.swift; sourceTree = "<group>"; };
		02055A2922C13A70009B9346 /* Info.plist */ = {isa = PBXFileReference; lastKnownFileType = text.plist.xml; path = Info.plist; sourceTree = "<group>"; };
		02B5488822C13C3300CCE8C6 /* startImage.jpg */ = {isa = PBXFileReference; lastKnownFileType = image.jpeg; path = startImage.jpg; sourceTree = "<group>"; };
		02B5488A22C1410100CCE8C6 /* WeatherViewController.swift */ = {isa = PBXFileReference; lastKnownFileType = sourcecode.swift; path = WeatherViewController.swift; sourceTree = "<group>"; };
		02B5488C22C14D2B00CCE8C6 /* WeatherManager.swift */ = {isa = PBXFileReference; lastKnownFileType = sourcecode.swift; path = WeatherManager.swift; sourceTree = "<group>"; };
		02B5488E22C1603100CCE8C6 /* Observer.swift */ = {isa = PBXFileReference; lastKnownFileType = sourcecode.swift; path = Observer.swift; sourceTree = "<group>"; };
/* End PBXFileReference section */

/* Begin PBXFrameworksBuildPhase section */
		02055A0122C13A6D009B9346 /* Frameworks */ = {
			isa = PBXFrameworksBuildPhase;
			buildActionMask = 2147483647;
			files = (
			);
			runOnlyForDeploymentPostprocessing = 0;
		};
		02055A1522C13A70009B9346 /* Frameworks */ = {
			isa = PBXFrameworksBuildPhase;
			buildActionMask = 2147483647;
			files = (
			);
			runOnlyForDeploymentPostprocessing = 0;
		};
		02055A2022C13A70009B9346 /* Frameworks */ = {
			isa = PBXFrameworksBuildPhase;
			buildActionMask = 2147483647;
			files = (
			);
			runOnlyForDeploymentPostprocessing = 0;
		};
/* End PBXFrameworksBuildPhase section */

/* Begin PBXGroup section */
		020559FB22C13A6D009B9346 = {
			isa = PBXGroup;
			children = (
				02055A0622C13A6D009B9346 /* weather */,
				02055A1B22C13A70009B9346 /* weatherTests */,
				02055A2622C13A70009B9346 /* weatherUITests */,
				02055A0522C13A6D009B9346 /* Products */,
			);
			sourceTree = "<group>";
		};
		02055A0522C13A6D009B9346 /* Products */ = {
			isa = PBXGroup;
			children = (
				02055A0422C13A6D009B9346 /* weather.app */,
				02055A1822C13A70009B9346 /* weatherTests.xctest */,
				02055A2322C13A70009B9346 /* weatherUITests.xctest */,
			);
			name = Products;
			sourceTree = "<group>";
		};
		02055A0622C13A6D009B9346 /* weather */ = {
			isa = PBXGroup;
			children = (
				02055A0722C13A6D009B9346 /* AppDelegate.swift */,
				02055A0922C13A6D009B9346 /* ViewController.swift */,
				02055A0B22C13A6D009B9346 /* Main.storyboard */,
				02055A0E22C13A70009B9346 /* Assets.xcassets */,
				02055A1022C13A70009B9346 /* LaunchScreen.storyboard */,
				02055A1322C13A70009B9346 /* Info.plist */,
				02B5488822C13C3300CCE8C6 /* startImage.jpg */,
				02B5488A22C1410100CCE8C6 /* WeatherViewController.swift */,
				02B5488C22C14D2B00CCE8C6 /* WeatherManager.swift */,
				02B5488E22C1603100CCE8C6 /* Observer.swift */,
			);
			path = weather;
			sourceTree = "<group>";
		};
		02055A1B22C13A70009B9346 /* weatherTests */ = {
			isa = PBXGroup;
			children = (
				02055A1C22C13A70009B9346 /* weatherTests.swift */,
				02055A1E22C13A70009B9346 /* Info.plist */,
			);
			path = weatherTests;
			sourceTree = "<group>";
		};
		02055A2622C13A70009B9346 /* weatherUITests */ = {
			isa = PBXGroup;
			children = (
				02055A2722C13A70009B9346 /* weatherUITests.swift */,
				02055A2922C13A70009B9346 /* Info.plist */,
			);
			path = weatherUITests;
			sourceTree = "<group>";
		};
/* End PBXGroup section */

/* Begin PBXNativeTarget section */
		02055A0322C13A6D009B9346 /* weather */ = {
			isa = PBXNativeTarget;
			buildConfigurationList = 02055A2C22C13A70009B9346 /* Build configuration list for PBXNativeTarget "weather" */;
			buildPhases = (
				02055A0022C13A6D009B9346 /* Sources */,
				02055A0122C13A6D009B9346 /* Frameworks */,
				02055A0222C13A6D009B9346 /* Resources */,
			);
			buildRules = (
			);
			dependencies = (
			);
			name = weather;
			productName = weather;
			productReference = 02055A0422C13A6D009B9346 /* weather.app */;
			productType = "com.apple.product-type.application";
		};
		02055A1722C13A70009B9346 /* weatherTests */ = {
			isa = PBXNativeTarget;
			buildConfigurationList = 02055A2F22C13A70009B9346 /* Build configuration list for PBXNativeTarget "weatherTests" */;
			buildPhases = (
				02055A1422C13A70009B9346 /* Sources */,
				02055A1522C13A70009B9346 /* Frameworks */,
				02055A1622C13A70009B9346 /* Resources */,
			);
			buildRules = (
			);
			dependencies = (
				02055A1A22C13A70009B9346 /* PBXTargetDependency */,
			);
			name = weatherTests;
			productName = weatherTests;
			productReference = 02055A1822C13A70009B9346 /* weatherTests.xctest */;
			productType = "com.apple.product-type.bundle.unit-test";
		};
		02055A2222C13A70009B9346 /* weatherUITests */ = {
			isa = PBXNativeTarget;
			buildConfigurationList = 02055A3222C13A70009B9346 /* Build configuration list for PBXNativeTarget "weatherUITests" */;
			buildPhases = (
				02055A1F22C13A70009B9346 /* Sources */,
				02055A2022C13A70009B9346 /* Frameworks */,
				02055A2122C13A70009B9346 /* Resources */,
			);
			buildRules = (
			);
			dependencies = (
				02055A2522C13A70009B9346 /* PBXTargetDependency */,
			);
			name = weatherUITests;
			productName = weatherUITests;
			productReference = 02055A2322C13A70009B9346 /* weatherUITests.xctest */;
			productType = "com.apple.product-type.bundle.ui-testing";
		};
/* End PBXNativeTarget section */

/* Begin PBXProject section */
		020559FC22C13A6D009B9346 /* Project object */ = {
			isa = PBXProject;
			attributes = {
				LastSwiftUpdateCheck = 1020;
				LastUpgradeCheck = 1020;
				ORGANIZATIONNAME = "Reginald McDonald";
				TargetAttributes = {
					02055A0322C13A6D009B9346 = {
						CreatedOnToolsVersion = 10.2.1;
					};
					02055A1722C13A70009B9346 = {
						CreatedOnToolsVersion = 10.2.1;
						TestTargetID = 02055A0322C13A6D009B9346;
					};
					02055A2222C13A70009B9346 = {
						CreatedOnToolsVersion = 10.2.1;
						TestTargetID = 02055A0322C13A6D009B9346;
					};
				};
			};
			buildConfigurationList = 020559FF22C13A6D009B9346 /* Build configuration list for PBXProject "weather" */;
			compatibilityVersion = "Xcode 9.3";
			developmentRegion = en;
			hasScannedForEncodings = 0;
			knownRegions = (
				en,
				Base,
			);
			mainGroup = 020559FB22C13A6D009B9346;
			productRefGroup = 02055A0522C13A6D009B9346 /* Products */;
			projectDirPath = "";
			projectRoot = "";
			targets = (
				02055A0322C13A6D009B9346 /* weather */,
				02055A1722C13A70009B9346 /* weatherTests */,
				02055A2222C13A70009B9346 /* weatherUITests */,
			);
		};
/* End PBXProject section */

/* Begin PBXResourcesBuildPhase section */
		02055A0222C13A6D009B9346 /* Resources */ = {
			isa = PBXResourcesBuildPhase;
			buildActionMask = 2147483647;
			files = (
				02055A1222C13A70009B9346 /* LaunchScreen.storyboard in Resources */,
				02055A0F22C13A70009B9346 /* Assets.xcassets in Resources */,
				02B5488922C13C3300CCE8C6 /* startImage.jpg in Resources */,
				02055A0D22C13A6D009B9346 /* Main.storyboard in Resources */,
			);
			runOnlyForDeploymentPostprocessing = 0;
		};
		02055A1622C13A70009B9346 /* Resources */ = {
			isa = PBXResourcesBuildPhase;
			buildActionMask = 2147483647;
			files = (
			);
			runOnlyForDeploymentPostprocessing = 0;
		};
		02055A2122C13A70009B9346 /* Resources */ = {
			isa = PBXResourcesBuildPhase;
			buildActionMask = 2147483647;
			files = (
			);
			runOnlyForDeploymentPostprocessing = 0;
		};
/* End PBXResourcesBuildPhase section */

/* Begin PBXSourcesBuildPhase section */
		02055A0022C13A6D009B9346 /* Sources */ = {
			isa = PBXSourcesBuildPhase;
			buildActionMask = 2147483647;
			files = (
				02055A0A22C13A6D009B9346 /* ViewController.swift in Sources */,
				02B5488F22C1603100CCE8C6 /* Observer.swift in Sources */,
				02B5488B22C1410100CCE8C6 /* WeatherViewController.swift in Sources */,
				02B5488D22C14D2B00CCE8C6 /* WeatherManager.swift in Sources */,
				02055A0822C13A6D009B9346 /* AppDelegate.swift in Sources */,
			);
			runOnlyForDeploymentPostprocessing = 0;
		};
		02055A1422C13A70009B9346 /* Sources */ = {
			isa = PBXSourcesBuildPhase;
			buildActionMask = 2147483647;
			files = (
				02055A1D22C13A70009B9346 /* weatherTests.swift in Sources */,
			);
			runOnlyForDeploymentPostprocessing = 0;
		};
		02055A1F22C13A70009B9346 /* Sources */ = {
			isa = PBXSourcesBuildPhase;
			buildActionMask = 2147483647;
			files = (
				02055A2822C13A70009B9346 /* weatherUITests.swift in Sources */,
			);
			runOnlyForDeploymentPostprocessing = 0;
		};
/* End PBXSourcesBuildPhase section */

/* Begin PBXTargetDependency section */
		02055A1A22C13A70009B9346 /* PBXTargetDependency */ = {
			isa = PBXTargetDependency;
			target = 02055A0322C13A6D009B9346 /* weather */;
			targetProxy = 02055A1922C13A70009B9346 /* PBXContainerItemProxy */;
		};
		02055A2522C13A70009B9346 /* PBXTargetDependency */ = {
			isa = PBXTargetDependency;
			target = 02055A0322C13A6D009B9346 /* weather */;
			targetProxy = 02055A2422C13A70009B9346 /* PBXContainerItemProxy */;
		};
/* End PBXTargetDependency section */

/* Begin PBXVariantGroup section */
		02055A0B22C13A6D009B9346 /* Main.storyboard */ = {
			isa = PBXVariantGroup;
			children = (
				02055A0C22C13A6D009B9346 /* Base */,
			);
			name = Main.storyboard;
			sourceTree = "<group>";
		};
		02055A1022C13A70009B9346 /* LaunchScreen.storyboard */ = {
			isa = PBXVariantGroup;
			children = (
				02055A1122C13A70009B9346 /* Base */,
			);
			name = LaunchScreen.storyboard;
			sourceTree = "<group>";
		};
/* End PBXVariantGroup section */

/* Begin XCBuildConfiguration section */
		02055A2A22C13A70009B9346 /* Debug */ = {
			isa = XCBuildConfiguration;
			buildSettings = {
				ALWAYS_SEARCH_USER_PATHS = NO;
				CLANG_ANALYZER_NONNULL = YES;
				CLANG_ANALYZER_NUMBER_OBJECT_CONVERSION = YES_AGGRESSIVE;
				CLANG_CXX_LANGUAGE_STANDARD = "gnu++14";
				CLANG_CXX_LIBRARY = "libc++";
				CLANG_ENABLE_MODULES = YES;
				CLANG_ENABLE_OBJC_ARC = YES;
				CLANG_ENABLE_OBJC_WEAK = YES;
				CLANG_WARN_BLOCK_CAPTURE_AUTORELEASING = YES;
				CLANG_WARN_BOOL_CONVERSION = YES;
				CLANG_WARN_COMMA = YES;
				CLANG_WARN_CONSTANT_CONVERSION = YES;
				CLANG_WARN_DEPRECATED_OBJC_IMPLEMENTATIONS = YES;
				CLANG_WARN_DIRECT_OBJC_ISA_USAGE = YES_ERROR;
				CLANG_WARN_DOCUMENTATION_COMMENTS = YES;
				CLANG_WARN_EMPTY_BODY = YES;
				CLANG_WARN_ENUM_CONVERSION = YES;
				CLANG_WARN_INFINITE_RECURSION = YES;
				CLANG_WARN_INT_CONVERSION = YES;
				CLANG_WARN_NON_LITERAL_NULL_CONVERSION = YES;
				CLANG_WARN_OBJC_IMPLICIT_RETAIN_SELF = YES;
				CLANG_WARN_OBJC_LITERAL_CONVERSION = YES;
				CLANG_WARN_OBJC_ROOT_CLASS = YES_ERROR;
				CLANG_WARN_RANGE_LOOP_ANALYSIS = YES;
				CLANG_WARN_STRICT_PROTOTYPES = YES;
				CLANG_WARN_SUSPICIOUS_MOVE = YES;
				CLANG_WARN_UNGUARDED_AVAILABILITY = YES_AGGRESSIVE;
				CLANG_WARN_UNREACHABLE_CODE = YES;
				CLANG_WARN__DUPLICATE_METHOD_MATCH = YES;
				CODE_SIGN_IDENTITY = "iPhone Developer";
				COPY_PHASE_STRIP = NO;
				DEBUG_INFORMATION_FORMAT = dwarf;
				ENABLE_STRICT_OBJC_MSGSEND = YES;
				ENABLE_TESTABILITY = YES;
				GCC_C_LANGUAGE_STANDARD = gnu11;
				GCC_DYNAMIC_NO_PIC = NO;
				GCC_NO_COMMON_BLOCKS = YES;
				GCC_OPTIMIZATION_LEVEL = 0;
				GCC_PREPROCESSOR_DEFINITIONS = (
					"DEBUG=1",
					"$(inherited)",
				);
				GCC_WARN_64_TO_32_BIT_CONVERSION = YES;
				GCC_WARN_ABOUT_RETURN_TYPE = YES_ERROR;
				GCC_WARN_UNDECLARED_SELECTOR = YES;
				GCC_WARN_UNINITIALIZED_AUTOS = YES_AGGRESSIVE;
				GCC_WARN_UNUSED_FUNCTION = YES;
				GCC_WARN_UNUSED_VARIABLE = YES;
				IPHONEOS_DEPLOYMENT_TARGET = 12.2;
				MTL_ENABLE_DEBUG_INFO = INCLUDE_SOURCE;
				MTL_FAST_MATH = YES;
				ONLY_ACTIVE_ARCH = YES;
				SDKROOT = iphoneos;
				SWIFT_ACTIVE_COMPILATION_CONDITIONS = DEBUG;
				SWIFT_OPTIMIZATION_LEVEL = "-Onone";
			};
			name = Debug;
		};
		02055A2B22C13A70009B9346 /* Release */ = {
			isa = XCBuildConfiguration;
			buildSettings = {
				ALWAYS_SEARCH_USER_PATHS = NO;
				CLANG_ANALYZER_NONNULL = YES;
				CLANG_ANALYZER_NUMBER_OBJECT_CONVERSION = YES_AGGRESSIVE;
				CLANG_CXX_LANGUAGE_STANDARD = "gnu++14";
				CLANG_CXX_LIBRARY = "libc++";
				CLANG_ENABLE_MODULES = YES;
				CLANG_ENABLE_OBJC_ARC = YES;
				CLANG_ENABLE_OBJC_WEAK = YES;
				CLANG_WARN_BLOCK_CAPTURE_AUTORELEASING = YES;
				CLANG_WARN_BOOL_CONVERSION = YES;
				CLANG_WARN_COMMA = YES;
				CLANG_WARN_CONSTANT_CONVERSION = YES;
				CLANG_WARN_DEPRECATED_OBJC_IMPLEMENTATIONS = YES;
				CLANG_WARN_DIRECT_OBJC_ISA_USAGE = YES_ERROR;
				CLANG_WARN_DOCUMENTATION_COMMENTS = YES;
				CLANG_WARN_EMPTY_BODY = YES;
				CLANG_WARN_ENUM_CONVERSION = YES;
				CLANG_WARN_INFINITE_RECURSION = YES;
				CLANG_WARN_INT_CONVERSION = YES;
				CLANG_WARN_NON_LITERAL_NULL_CONVERSION = YES;
				CLANG_WARN_OBJC_IMPLICIT_RETAIN_SELF = YES;
				CLANG_WARN_OBJC_LITERAL_CONVERSION = YES;
				CLANG_WARN_OBJC_ROOT_CLASS = YES_ERROR;
				CLANG_WARN_RANGE_LOOP_ANALYSIS = YES;
				CLANG_WARN_STRICT_PROTOTYPES = YES;
				CLANG_WARN_SUSPICIOUS_MOVE = YES;
				CLANG_WARN_UNGUARDED_AVAILABILITY = YES_AGGRESSIVE;
				CLANG_WARN_UNREACHABLE_CODE = YES;
				CLANG_WARN__DUPLICATE_METHOD_MATCH = YES;
				CODE_SIGN_IDENTITY = "iPhone Developer";
				COPY_PHASE_STRIP = NO;
				DEBUG_INFORMATION_FORMAT = "dwarf-with-dsym";
				ENABLE_NS_ASSERTIONS = NO;
				ENABLE_STRICT_OBJC_MSGSEND = YES;
				GCC_C_LANGUAGE_STANDARD = gnu11;
				GCC_NO_COMMON_BLOCKS = YES;
				GCC_WARN_64_TO_32_BIT_CONVERSION = YES;
				GCC_WARN_ABOUT_RETURN_TYPE = YES_ERROR;
				GCC_WARN_UNDECLARED_SELECTOR = YES;
				GCC_WARN_UNINITIALIZED_AUTOS = YES_AGGRESSIVE;
				GCC_WARN_UNUSED_FUNCTION = YES;
				GCC_WARN_UNUSED_VARIABLE = YES;
				IPHONEOS_DEPLOYMENT_TARGET = 12.2;
				MTL_ENABLE_DEBUG_INFO = NO;
				MTL_FAST_MATH = YES;
				SDKROOT = iphoneos;
				SWIFT_COMPILATION_MODE = wholemodule;
				SWIFT_OPTIMIZATION_LEVEL = "-O";
				VALIDATE_PRODUCT = YES;
			};
			name = Release;
		};
		02055A2D22C13A70009B9346 /* Debug */ = {
			isa = XCBuildConfiguration;
			buildSettings = {
				ASSETCATALOG_COMPILER_APPICON_NAME = AppIcon;
				CODE_SIGN_STYLE = Automatic;
				INFOPLIST_FILE = weather/Info.plist;
				LD_RUNPATH_SEARCH_PATHS = (
					"$(inherited)",
					"@executable_path/Frameworks",
				);
				PRODUCT_BUNDLE_IDENTIFIER = com.reginaldmcdonald.weather;
				PRODUCT_NAME = "$(TARGET_NAME)";
				SWIFT_VERSION = 5.0;
				TARGETED_DEVICE_FAMILY = "1,2";
			};
			name = Debug;
		};
		02055A2E22C13A70009B9346 /* Release */ = {
			isa = XCBuildConfiguration;
			buildSettings = {
				ASSETCATALOG_COMPILER_APPICON_NAME = AppIcon;
				CODE_SIGN_STYLE = Automatic;
				INFOPLIST_FILE = weather/Info.plist;
				LD_RUNPATH_SEARCH_PATHS = (
					"$(inherited)",
					"@executable_path/Frameworks",
				);
				PRODUCT_BUNDLE_IDENTIFIER = com.reginaldmcdonald.weather;
				PRODUCT_NAME = "$(TARGET_NAME)";
				SWIFT_VERSION = 5.0;
				TARGETED_DEVICE_FAMILY = "1,2";
			};
			name = Release;
		};
		02055A3022C13A70009B9346 /* Debug */ = {
			isa = XCBuildConfiguration;
			buildSettings = {
				ALWAYS_EMBED_SWIFT_STANDARD_LIBRARIES = YES;
				BUNDLE_LOADER = "$(TEST_HOST)";
				CODE_SIGN_STYLE = Automatic;
				INFOPLIST_FILE = weatherTests/Info.plist;
				LD_RUNPATH_SEARCH_PATHS = (
					"$(inherited)",
					"@executable_path/Frameworks",
					"@loader_path/Frameworks",
				);
				PRODUCT_BUNDLE_IDENTIFIER = com.reginaldmcdonald.weatherTests;
				PRODUCT_NAME = "$(TARGET_NAME)";
				SWIFT_VERSION = 5.0;
				TARGETED_DEVICE_FAMILY = "1,2";
				TEST_HOST = "$(BUILT_PRODUCTS_DIR)/weather.app/weather";
			};
			name = Debug;
		};
		02055A3122C13A70009B9346 /* Release */ = {
			isa = XCBuildConfiguration;
			buildSettings = {
				ALWAYS_EMBED_SWIFT_STANDARD_LIBRARIES = YES;
				BUNDLE_LOADER = "$(TEST_HOST)";
				CODE_SIGN_STYLE = Automatic;
				INFOPLIST_FILE = weatherTests/Info.plist;
				LD_RUNPATH_SEARCH_PATHS = (
					"$(inherited)",
					"@executable_path/Frameworks",
					"@loader_path/Frameworks",
				);
				PRODUCT_BUNDLE_IDENTIFIER = com.reginaldmcdonald.weatherTests;
				PRODUCT_NAME = "$(TARGET_NAME)";
				SWIFT_VERSION = 5.0;
				TARGETED_DEVICE_FAMILY = "1,2";
				TEST_HOST = "$(BUILT_PRODUCTS_DIR)/weather.app/weather";
			};
			name = Release;
		};
		02055A3322C13A70009B9346 /* Debug */ = {
			isa = XCBuildConfiguration;
			buildSettings = {
				ALWAYS_EMBED_SWIFT_STANDARD_LIBRARIES = YES;
				CODE_SIGN_STYLE = Automatic;
				INFOPLIST_FILE = weatherUITests/Info.plist;
				LD_RUNPATH_SEARCH_PATHS = (
					"$(inherited)",
					"@executable_path/Frameworks",
					"@loader_path/Frameworks",
				);
				PRODUCT_BUNDLE_IDENTIFIER = com.reginaldmcdonald.weatherUITests;
				PRODUCT_NAME = "$(TARGET_NAME)";
				SWIFT_VERSION = 5.0;
				TARGETED_DEVICE_FAMILY = "1,2";
				TEST_TARGET_NAME = weather;
			};
			name = Debug;
		};
		02055A3422C13A70009B9346 /* Release */ = {
			isa = XCBuildConfiguration;
			buildSettings = {
				ALWAYS_EMBED_SWIFT_STANDARD_LIBRARIES = YES;
				CODE_SIGN_STYLE = Automatic;
				INFOPLIST_FILE = weatherUITests/Info.plist;
				LD_RUNPATH_SEARCH_PATHS = (
					"$(inherited)",
					"@executable_path/Frameworks",
					"@loader_path/Frameworks",
				);
				PRODUCT_BUNDLE_IDENTIFIER = com.reginaldmcdonald.weatherUITests;
				PRODUCT_NAME = "$(TARGET_NAME)";
				SWIFT_VERSION = 5.0;
				TARGETED_DEVICE_FAMILY = "1,2";
				TEST_TARGET_NAME = weather;
			};
			name = Release;
		};
/* End XCBuildConfiguration section */

/* Begin XCConfigurationList section */
		020559FF22C13A6D009B9346 /* Build configuration list for PBXProject "weather" */ = {
			isa = XCConfigurationList;
			buildConfigurations = (
				02055A2A22C13A70009B9346 /* Debug */,
				02055A2B22C13A70009B9346 /* Release */,
			);
			defaultConfigurationIsVisible = 0;
			defaultConfigurationName = Release;
		};
		02055A2C22C13A70009B9346 /* Build configuration list for PBXNativeTarget "weather" */ = {
			isa = XCConfigurationList;
			buildConfigurations = (
				02055A2D22C13A70009B9346 /* Debug */,
				02055A2E22C13A70009B9346 /* Release */,
			);
			defaultConfigurationIsVisible = 0;
			defaultConfigurationName = Release;
		};
		02055A2F22C13A70009B9346 /* Build configuration list for PBXNativeTarget "weatherTests" */ = {
			isa = XCConfigurationList;
			buildConfigurations = (
				02055A3022C13A70009B9346 /* Debug */,
				02055A3122C13A70009B9346 /* Release */,
			);
			defaultConfigurationIsVisible = 0;
			defaultConfigurationName = Release;
		};
		02055A3222C13A70009B9346 /* Build configuration list for PBXNativeTarget "weatherUITests" */ = {
			isa = XCConfigurationList;
			buildConfigurations = (
				02055A3322C13A70009B9346 /* Debug */,
				02055A3422C13A70009B9346 /* Release */,
			);
			defaultConfigurationIsVisible = 0;
			defaultConfigurationName = Release;
		};
/* End XCConfigurationList section */
	};
	rootObject = 020559FC22C13A6D009B9346 /* Project object */;
}
